# This file is automatically @generated by Cargo.
# It is not intended for manual editing.
version = 4

[[package]]
name = "may-exist"
version = "0.1.0"

[[package]]
name = "ref-counter"
version = "0.1.0"
dependencies = [
 "may-exist",
]

[[package]]
name = "thread_model"
version = "0.1.0"
dependencies = [
 "may-exist",
]
